
Microsoft Visual Studio Solution File, Format Version 12.00
# Visual Studio Version 17
VisualStudioVersion = 17.2.32616.157
MinimumVisualStudioVersion = 10.0.40219.1
Project("{FAE04EC0-301F-11D3-BF4B-00C04F79EFBC}") = "Veiculo", "Veiculo\Veiculo.csproj", "{8DF68843-0FC0-432F-BD35-C33CACE1A1B0}"
EndProject
Global
	GlobalSection(SolutionConfigurationPlatforms) = preSolution
		Debug|Any CPU = Debug|Any CPU
		Release|Any CPU = Release|Any CPU
	EndGlobalSection
	GlobalSection(ProjectConfigurationPlatforms) = postSolution
		{8DF68843-0FC0-432F-BD35-C33CACE1A1B0}.Debug|Any CPU.ActiveCfg = Debug|Any CPU
		{8DF68843-0FC0-432F-BD35-C33CACE1A1B0}.Debug|Any CPU.Build.0 = Debug|Any CPU
		{8DF68843-0FC0-432F-BD35-C33CACE1A1B0}.Release|Any CPU.ActiveCfg = Release|Any CPU
		{8DF68843-0FC0-432F-BD35-C33CACE1A1B0}.Release|Any CPU.Build.0 = Release|Any CPU
	EndGlobalSection
	GlobalSection(SolutionProperties) = preSolution
		HideSolutionNode = FALSE
	EndGlobalSection
	GlobalSection(ExtensibilityGlobals) = postSolution
		SolutionGuid = {939E807A-9328-46B1-8D53-52387AA35897}
	EndGlobalSection
EndGlobal
