
Microsoft Visual Studio Solution File, Format Version 12.00
# Visual Studio Version 17
VisualStudioVersion = 17.2.32616.157
MinimumVisualStudioVersion = 10.0.40219.1
Project("{FAE04EC0-301F-11D3-BF4B-00C04F79EFBC}") = "Colecoes", "Colecoes\Colecoes.csproj", "{0771005B-32F8-4A79-B5AB-005AE80514F9}"
EndProject
Global
	GlobalSection(SolutionConfigurationPlatforms) = preSolution
		Debug|Any CPU = Debug|Any CPU
		Release|Any CPU = Release|Any CPU
	EndGlobalSection
	GlobalSection(ProjectConfigurationPlatforms) = postSolution
		{0771005B-32F8-4A79-B5AB-005AE80514F9}.Debug|Any CPU.ActiveCfg = Debug|Any CPU
		{0771005B-32F8-4A79-B5AB-005AE80514F9}.Debug|Any CPU.Build.0 = Debug|Any CPU
		{0771005B-32F8-4A79-B5AB-005AE80514F9}.Release|Any CPU.ActiveCfg = Release|Any CPU
		{0771005B-32F8-4A79-B5AB-005AE80514F9}.Release|Any CPU.Build.0 = Release|Any CPU
	EndGlobalSection
	GlobalSection(SolutionProperties) = preSolution
		HideSolutionNode = FALSE
	EndGlobalSection
	GlobalSection(ExtensibilityGlobals) = postSolution
		SolutionGuid = {178917A9-3A4F-409E-853C-2C04D8200758}
	EndGlobalSection
EndGlobal
