
Microsoft Visual Studio Solution File, Format Version 12.00
# Visual Studio Version 17
VisualStudioVersion = 17.2.32616.157
MinimumVisualStudioVersion = 10.0.40219.1
Project("{FAE04EC0-301F-11D3-BF4B-00C04F79EFBC}") = "Aula0", "Aula0\Aula0.csproj", "{2645B700-6DE8-4DCE-9043-C9C5E6C88D43}"
EndProject
Global
	GlobalSection(SolutionConfigurationPlatforms) = preSolution
		Debug|Any CPU = Debug|Any CPU
		Release|Any CPU = Release|Any CPU
	EndGlobalSection
	GlobalSection(ProjectConfigurationPlatforms) = postSolution
		{2645B700-6DE8-4DCE-9043-C9C5E6C88D43}.Debug|Any CPU.ActiveCfg = Debug|Any CPU
		{2645B700-6DE8-4DCE-9043-C9C5E6C88D43}.Debug|Any CPU.Build.0 = Debug|Any CPU
		{2645B700-6DE8-4DCE-9043-C9C5E6C88D43}.Release|Any CPU.ActiveCfg = Release|Any CPU
		{2645B700-6DE8-4DCE-9043-C9C5E6C88D43}.Release|Any CPU.Build.0 = Release|Any CPU
	EndGlobalSection
	GlobalSection(SolutionProperties) = preSolution
		HideSolutionNode = FALSE
	EndGlobalSection
	GlobalSection(ExtensibilityGlobals) = postSolution
		SolutionGuid = {6DC106E6-779F-4645-8A86-B5F8A6BDDE7B}
	EndGlobalSection
EndGlobal
